
Microsoft Visual Studio Solution File, Format Version 12.00
# Visual Studio 15
VisualStudioVersion = 15.0.27703.2000
MinimumVisualStudioVersion = 10.0.40219.1
Project("{FAE04EC0-301F-11D3-BF4B-00C04F79EFBC}") = "Finances", "Finances\Finances.csproj", "{742B33BF-DE77-4351-B85C-3B45E41D8851}"
EndProject
Global
	GlobalSection(SolutionConfigurationPlatforms) = preSolution
		Debug|Any CPU = Debug|Any CPU
		Release|Any CPU = Release|Any CPU
	EndGlobalSection
	GlobalSection(ProjectConfigurationPlatforms) = postSolution
		{742B33BF-DE77-4351-B85C-3B45E41D8851}.Debug|Any CPU.ActiveCfg = Debug|Any CPU
		{742B33BF-DE77-4351-B85C-3B45E41D8851}.Debug|Any CPU.Build.0 = Debug|Any CPU
		{742B33BF-DE77-4351-B85C-3B45E41D8851}.Release|Any CPU.ActiveCfg = Release|Any CPU
		{742B33BF-DE77-4351-B85C-3B45E41D8851}.Release|Any CPU.Build.0 = Release|Any CPU
	EndGlobalSection
	GlobalSection(SolutionProperties) = preSolution
		HideSolutionNode = FALSE
	EndGlobalSection
	GlobalSection(ExtensibilityGlobals) = postSolution
		SolutionGuid = {4AAA788D-93B9-4B91-A3D9-F2D7ACBE24A5}
	EndGlobalSection
EndGlobal
